
Microsoft Visual Studio Solution File, Format Version 12.00
# Visual Studio Version 17
VisualStudioVersion = 17.0.31912.275
MinimumVisualStudioVersion = 10.0.40219.1
Project("{FAE04EC0-301F-11D3-BF4B-00C04F79EFBC}") = "Prometheus.API", "Prometheus.API\Prometheus.API.csproj", "{BBC8D517-7DFA-4796-84E4-7D661B62504C}"
EndProject
Project("{FAE04EC0-301F-11D3-BF4B-00C04F79EFBC}") = "Prometheus.DB", "Prometheus.DB\Prometheus.DB.csproj", "{E0B99506-E284-43EB-8AB2-A3B8844A6753}"
EndProject
Project("{FAE04EC0-301F-11D3-BF4B-00C04F79EFBC}") = "Prometheus.Model", "Prometheus.Model\Prometheus.Model.csproj", "{2DE19F67-C055-4326-8B51-F9FD98C5FFCC}"
EndProject
Project("{FAE04EC0-301F-11D3-BF4B-00C04F79EFBC}") = "Prometheus.Service", "Prometheus.Service\Prometheus.Service.csproj", "{5CDA491E-FDED-478E-930C-6078D86B1783}"
EndProject
Global
	GlobalSection(SolutionConfigurationPlatforms) = preSolution
		Debug|Any CPU = Debug|Any CPU
		Release|Any CPU = Release|Any CPU
	EndGlobalSection
	GlobalSection(ProjectConfigurationPlatforms) = postSolution
		{BBC8D517-7DFA-4796-84E4-7D661B62504C}.Debug|Any CPU.ActiveCfg = Debug|Any CPU
		{BBC8D517-7DFA-4796-84E4-7D661B62504C}.Debug|Any CPU.Build.0 = Debug|Any CPU
		{BBC8D517-7DFA-4796-84E4-7D661B62504C}.Release|Any CPU.ActiveCfg = Release|Any CPU
		{BBC8D517-7DFA-4796-84E4-7D661B62504C}.Release|Any CPU.Build.0 = Release|Any CPU
		{E0B99506-E284-43EB-8AB2-A3B8844A6753}.Debug|Any CPU.ActiveCfg = Debug|Any CPU
		{E0B99506-E284-43EB-8AB2-A3B8844A6753}.Debug|Any CPU.Build.0 = Debug|Any CPU
		{E0B99506-E284-43EB-8AB2-A3B8844A6753}.Release|Any CPU.ActiveCfg = Release|Any CPU
		{E0B99506-E284-43EB-8AB2-A3B8844A6753}.Release|Any CPU.Build.0 = Release|Any CPU
		{2DE19F67-C055-4326-8B51-F9FD98C5FFCC}.Debug|Any CPU.ActiveCfg = Debug|Any CPU
		{2DE19F67-C055-4326-8B51-F9FD98C5FFCC}.Debug|Any CPU.Build.0 = Debug|Any CPU
		{2DE19F67-C055-4326-8B51-F9FD98C5FFCC}.Release|Any CPU.ActiveCfg = Release|Any CPU
		{2DE19F67-C055-4326-8B51-F9FD98C5FFCC}.Release|Any CPU.Build.0 = Release|Any CPU
		{5CDA491E-FDED-478E-930C-6078D86B1783}.Debug|Any CPU.ActiveCfg = Debug|Any CPU
		{5CDA491E-FDED-478E-930C-6078D86B1783}.Debug|Any CPU.Build.0 = Debug|Any CPU
		{5CDA491E-FDED-478E-930C-6078D86B1783}.Release|Any CPU.ActiveCfg = Release|Any CPU
		{5CDA491E-FDED-478E-930C-6078D86B1783}.Release|Any CPU.Build.0 = Release|Any CPU
	EndGlobalSection
	GlobalSection(SolutionProperties) = preSolution
		HideSolutionNode = FALSE
	EndGlobalSection
	GlobalSection(ExtensibilityGlobals) = postSolution
		SolutionGuid = {71914AF7-D998-43B5-BA1D-1C94E1156096}
	EndGlobalSection
EndGlobal
